
Microsoft Visual Studio Solution File, Format Version 12.00
# Visual Studio Version 17
VisualStudioVersion = 17.14.36401.2 d17.14
MinimumVisualStudioVersion = 10.0.40219.1
Project("{FAE04EC0-301F-11D3-BF4B-00C04F79EFBC}") = "ClassIntro", "ClassIntro\ClassIntro.csproj", "{000C5C25-2D90-48EC-A696-1832C3FD5ACC}"
EndProject
Global
	GlobalSection(SolutionConfigurationPlatforms) = preSolution
		Debug|Any CPU = Debug|Any CPU
		Release|Any CPU = Release|Any CPU
	EndGlobalSection
	GlobalSection(ProjectConfigurationPlatforms) = postSolution
		{000C5C25-2D90-48EC-A696-1832C3FD5ACC}.Debug|Any CPU.ActiveCfg = Debug|Any CPU
		{000C5C25-2D90-48EC-A696-1832C3FD5ACC}.Debug|Any CPU.Build.0 = Debug|Any CPU
		{000C5C25-2D90-48EC-A696-1832C3FD5ACC}.Release|Any CPU.ActiveCfg = Release|Any CPU
		{000C5C25-2D90-48EC-A696-1832C3FD5ACC}.Release|Any CPU.Build.0 = Release|Any CPU
	EndGlobalSection
	GlobalSection(SolutionProperties) = preSolution
		HideSolutionNode = FALSE
	EndGlobalSection
	GlobalSection(ExtensibilityGlobals) = postSolution
		SolutionGuid = {B1329181-179C-4428-99D9-A43BBDA40CD7}
	EndGlobalSection
EndGlobal
